
Microsoft Visual Studio Solution File, Format Version 12.00
# Visual Studio Version 17
VisualStudioVersion = 17.13.35828.75
MinimumVisualStudioVersion = 10.0.40219.1
Project("{FAE04EC0-301F-11D3-BF4B-00C04F79EFBC}") = "RiraAPI", "RiraAPI\RiraAPI.csproj", "{5DB5A075-6C2F-4A69-9D0B-D6B9D1BA7DDC}"
EndProject
Project("{FAE04EC0-301F-11D3-BF4B-00C04F79EFBC}") = "Core", "Core\Core.csproj", "{F6B4ABC2-1194-46F2-AAF6-A8236ADE0B20}"
EndProject
Project("{FAE04EC0-301F-11D3-BF4B-00C04F79EFBC}") = "Application", "Application\Application.csproj", "{B0B91042-5633-42A3-9182-3457D9E9E968}"
EndProject
Project("{FAE04EC0-301F-11D3-BF4B-00C04F79EFBC}") = "Infrastructure", "Infrastructure\Infrastructure.csproj", "{248C5289-2792-4056-BCD4-EFE4647B66E8}"
EndProject
Global
	GlobalSection(SolutionConfigurationPlatforms) = preSolution
		Debug|Any CPU = Debug|Any CPU
		Release|Any CPU = Release|Any CPU
	EndGlobalSection
	GlobalSection(ProjectConfigurationPlatforms) = postSolution
		{5DB5A075-6C2F-4A69-9D0B-D6B9D1BA7DDC}.Debug|Any CPU.ActiveCfg = Debug|Any CPU
		{5DB5A075-6C2F-4A69-9D0B-D6B9D1BA7DDC}.Debug|Any CPU.Build.0 = Debug|Any CPU
		{5DB5A075-6C2F-4A69-9D0B-D6B9D1BA7DDC}.Release|Any CPU.ActiveCfg = Release|Any CPU
		{5DB5A075-6C2F-4A69-9D0B-D6B9D1BA7DDC}.Release|Any CPU.Build.0 = Release|Any CPU
		{F6B4ABC2-1194-46F2-AAF6-A8236ADE0B20}.Debug|Any CPU.ActiveCfg = Debug|Any CPU
		{F6B4ABC2-1194-46F2-AAF6-A8236ADE0B20}.Debug|Any CPU.Build.0 = Debug|Any CPU
		{F6B4ABC2-1194-46F2-AAF6-A8236ADE0B20}.Release|Any CPU.ActiveCfg = Release|Any CPU
		{F6B4ABC2-1194-46F2-AAF6-A8236ADE0B20}.Release|Any CPU.Build.0 = Release|Any CPU
		{B0B91042-5633-42A3-9182-3457D9E9E968}.Debug|Any CPU.ActiveCfg = Debug|Any CPU
		{B0B91042-5633-42A3-9182-3457D9E9E968}.Debug|Any CPU.Build.0 = Debug|Any CPU
		{B0B91042-5633-42A3-9182-3457D9E9E968}.Release|Any CPU.ActiveCfg = Release|Any CPU
		{B0B91042-5633-42A3-9182-3457D9E9E968}.Release|Any CPU.Build.0 = Release|Any CPU
		{248C5289-2792-4056-BCD4-EFE4647B66E8}.Debug|Any CPU.ActiveCfg = Debug|Any CPU
		{248C5289-2792-4056-BCD4-EFE4647B66E8}.Debug|Any CPU.Build.0 = Debug|Any CPU
		{248C5289-2792-4056-BCD4-EFE4647B66E8}.Release|Any CPU.ActiveCfg = Release|Any CPU
		{248C5289-2792-4056-BCD4-EFE4647B66E8}.Release|Any CPU.Build.0 = Release|Any CPU
	EndGlobalSection
	GlobalSection(SolutionProperties) = preSolution
		HideSolutionNode = FALSE
	EndGlobalSection
	GlobalSection(ExtensibilityGlobals) = postSolution
		SolutionGuid = {5D1F87C4-E56B-404D-8594-A2A6A9FF447F}
	EndGlobalSection
EndGlobal
